// !$*UTF8*$!
{
	archiveVersion = 1;
	classes = {
	};
	objectVersion = 56;
	objects = {

/* Begin PBXBuildFile section */
		BC6411F32D11E3670062DFF6 /* FitTrackApp.swift in Sources */ = {isa = PBXBuildFile; fileRef = BC6411F22D11E3670062DFF6 /* FitTrackApp.swift */; };
		BC6411F52D11E3670062DFF6 /* ContentView.swift in Sources */ = {isa = PBXBuildFile; fileRef = BC6411F42D11E3670062DFF6 /* ContentView.swift */; };
		BC6411F72D11E36A0062DFF6 /* Assets.xcassets in Resources */ = {isa = PBXBuildFile; fileRef = BC6411F62D11E36A0062DFF6 /* Assets.xcassets */; };
		BC6411FA2D11E36A0062DFF6 /* Preview Assets.xcassets in Resources */ = {isa = PBXBuildFile; fileRef = BC6411F92D11E36A0062DFF6 /* Preview Assets.xcassets */; };
		BC6412012D11E4850062DFF6 /* MotionView.swift in Sources */ = {isa = PBXBuildFile; fileRef = BC6412002D11E4850062DFF6 /* MotionView.swift */; };
		BC6412032D11E4990062DFF6 /* LocationView.swift in Sources */ = {isa = PBXBuildFile; fileRef = BC6412022D11E4990062DFF6 /* LocationView.swift */; };
		BC6412052D11E4AC0062DFF6 /* DirectionView.swift in Sources */ = {isa = PBXBuildFile; fileRef = BC6412042D11E4AC0062DFF6 /* DirectionView.swift */; };
		BC667E2B2D129943008E02C8 /* CoreMotion.framework in Frameworks */ = {isa = PBXBuildFile; fileRef = BC667E2A2D129943008E02C8 /* CoreMotion.framework */; };
		BC667E2D2D129971008E02C8 /* MotionManager.swift in Sources */ = {isa = PBXBuildFile; fileRef = BC667E2C2D129971008E02C8 /* MotionManager.swift */; };
		BC667E2F2D129F6D008E02C8 /* CoreLocation.framework in Frameworks */ = {isa = PBXBuildFile; fileRef = BC667E2E2D129F6D008E02C8 /* CoreLocation.framework */; };
		BC667E312D129F82008E02C8 /* MapKit.framework in Frameworks */ = {isa = PBXBuildFile; fileRef = BC667E302D129F82008E02C8 /* MapKit.framework */; };
		BC667E332D129FD2008E02C8 /* LocationManager.swift in Sources */ = {isa = PBXBuildFile; fileRef = BC667E322D129FD2008E02C8 /* LocationManager.swift */; };
		BC667E372D12A106008E02C8 /* MapViewRepresentable.swift in Sources */ = {isa = PBXBuildFile; fileRef = BC667E362D12A106008E02C8 /* MapViewRepresentable.swift */; };
		BC667E392D12A333008E02C8 /* DirectionManager.swift in Sources */ = {isa = PBXBuildFile; fileRef = BC667E382D12A333008E02C8 /* DirectionManager.swift */; };
		BC667E412D12BE29008E02C8 /* SplashScreenView.swift in Sources */ = {isa = PBXBuildFile; fileRef = BC667E402D12BE29008E02C8 /* SplashScreenView.swift */; };
		BC667E432D12C01C008E02C8 /* SoundManager.swift in Sources */ = {isa = PBXBuildFile; fileRef = BC667E422D12C01C008E02C8 /* SoundManager.swift */; };
		BC667E452D12C02D008E02C8 /* SoundView.swift in Sources */ = {isa = PBXBuildFile; fileRef = BC667E442D12C02D008E02C8 /* SoundView.swift */; };
/* End PBXBuildFile section */

/* Begin PBXFileReference section */
		BC6411EF2D11E3670062DFF6 /* FitTrack.app */ = {isa = PBXFileReference; explicitFileType = wrapper.application; includeInIndex = 0; path = FitTrack.app; sourceTree = BUILT_PRODUCTS_DIR; };
		BC6411F22D11E3670062DFF6 /* FitTrackApp.swift */ = {isa = PBXFileReference; lastKnownFileType = sourcecode.swift; path = FitTrackApp.swift; sourceTree = "<group>"; };
		BC6411F42D11E3670062DFF6 /* ContentView.swift */ = {isa = PBXFileReference; lastKnownFileType = sourcecode.swift; path = ContentView.swift; sourceTree = "<group>"; };
		BC6411F62D11E36A0062DFF6 /* Assets.xcassets */ = {isa = PBXFileReference; lastKnownFileType = folder.assetcatalog; path = Assets.xcassets; sourceTree = "<group>"; };
		BC6411F92D11E36A0062DFF6 /* Preview Assets.xcassets */ = {isa = PBXFileReference; lastKnownFileType = folder.assetcatalog; path = "Preview Assets.xcassets"; sourceTree = "<group>"; };
		BC6412002D11E4850062DFF6 /* MotionView.swift */ = {isa = PBXFileReference; lastKnownFileType = sourcecode.swift; path = MotionView.swift; sourceTree = "<group>"; };
		BC6412022D11E4990062DFF6 /* LocationView.swift */ = {isa = PBXFileReference; lastKnownFileType = sourcecode.swift; path = LocationView.swift; sourceTree = "<group>"; };
		BC6412042D11E4AC0062DFF6 /* DirectionView.swift */ = {isa = PBXFileReference; lastKnownFileType = sourcecode.swift; path = DirectionView.swift; sourceTree = "<group>"; };
		BC667E2A2D129943008E02C8 /* CoreMotion.framework */ = {isa = PBXFileReference; lastKnownFileType = wrapper.framework; name = CoreMotion.framework; path = System/Library/Frameworks/CoreMotion.framework; sourceTree = SDKROOT; };
		BC667E2C2D129971008E02C8 /* MotionManager.swift */ = {isa = PBXFileReference; lastKnownFileType = sourcecode.swift; path = MotionManager.swift; sourceTree = "<group>"; };
		BC667E2E2D129F6D008E02C8 /* CoreLocation.framework */ = {isa = PBXFileReference; lastKnownFileType = wrapper.framework; name = CoreLocation.framework; path = System/Library/Frameworks/CoreLocation.framework; sourceTree = SDKROOT; };
		BC667E302D129F82008E02C8 /* MapKit.framework */ = {isa = PBXFileReference; lastKnownFileType = wrapper.framework; name = MapKit.framework; path = System/Library/Frameworks/MapKit.framework; sourceTree = SDKROOT; };
		BC667E322D129FD2008E02C8 /* LocationManager.swift */ = {isa = PBXFileReference; lastKnownFileType = sourcecode.swift; path = LocationManager.swift; sourceTree = "<group>"; };
		BC667E362D12A106008E02C8 /* MapViewRepresentable.swift */ = {isa = PBXFileReference; lastKnownFileType = sourcecode.swift; path = MapViewRepresentable.swift; sourceTree = "<group>"; };
		BC667E382D12A333008E02C8 /* DirectionManager.swift */ = {isa = PBXFileReference; lastKnownFileType = sourcecode.swift; path = DirectionManager.swift; sourceTree = "<group>"; };
		BC667E402D12BE29008E02C8 /* SplashScreenView.swift */ = {isa = PBXFileReference; lastKnownFileType = sourcecode.swift; path = SplashScreenView.swift; sourceTree = "<group>"; };
		BC667E422D12C01C008E02C8 /* SoundManager.swift */ = {isa = PBXFileReference; lastKnownFileType = sourcecode.swift; path = SoundManager.swift; sourceTree = "<group>"; };
		BC667E442D12C02D008E02C8 /* SoundView.swift */ = {isa = PBXFileReference; lastKnownFileType = sourcecode.swift; path = SoundView.swift; sourceTree = "<group>"; };
/* End PBXFileReference section */

/* Begin PBXFrameworksBuildPhase section */
		BC6411EC2D11E3670062DFF6 /* Frameworks */ = {
			isa = PBXFrameworksBuildPhase;
			buildActionMask = 2147483647;
			files = (
				BC667E312D129F82008E02C8 /* MapKit.framework in Frameworks */,
				BC667E2F2D129F6D008E02C8 /* CoreLocation.framework in Frameworks */,
				BC667E2B2D129943008E02C8 /* CoreMotion.framework in Frameworks */,
			);
			runOnlyForDeploymentPostprocessing = 0;
		};
/* End PBXFrameworksBuildPhase section */

/* Begin PBXGroup section */
		BC6411E62D11E3670062DFF6 = {
			isa = PBXGroup;
			children = (
				BC6411F12D11E3670062DFF6 /* FitTrack */,
				BC667E292D129942008E02C8 /* Frameworks */,
				BC6411F02D11E3670062DFF6 /* Products */,
			);
			sourceTree = "<group>";
		};
		BC6411F02D11E3670062DFF6 /* Products */ = {
			isa = PBXGroup;
			children = (
				BC6411EF2D11E3670062DFF6 /* FitTrack.app */,
			);
			name = Products;
			sourceTree = "<group>";
		};
		BC6411F12D11E3670062DFF6 /* FitTrack */ = {
			isa = PBXGroup;
			children = (
				BC6411F22D11E3670062DFF6 /* FitTrackApp.swift */,
				BC6411F42D11E3670062DFF6 /* ContentView.swift */,
				BC6411F62D11E36A0062DFF6 /* Assets.xcassets */,
				BC6411F82D11E36A0062DFF6 /* Preview Content */,
				BC6412002D11E4850062DFF6 /* MotionView.swift */,
				BC6412022D11E4990062DFF6 /* LocationView.swift */,
				BC6412042D11E4AC0062DFF6 /* DirectionView.swift */,
				BC667E2C2D129971008E02C8 /* MotionManager.swift */,
				BC667E322D129FD2008E02C8 /* LocationManager.swift */,
				BC667E362D12A106008E02C8 /* MapViewRepresentable.swift */,
				BC667E382D12A333008E02C8 /* DirectionManager.swift */,
				BC667E402D12BE29008E02C8 /* SplashScreenView.swift */,
				BC667E422D12C01C008E02C8 /* SoundManager.swift */,
				BC667E442D12C02D008E02C8 /* SoundView.swift */,
			);
			path = FitTrack;
			sourceTree = "<group>";
		};
		BC6411F82D11E36A0062DFF6 /* Preview Content */ = {
			isa = PBXGroup;
			children = (
				BC6411F92D11E36A0062DFF6 /* Preview Assets.xcassets */,
			);
			path = "Preview Content";
			sourceTree = "<group>";
		};
		BC667E292D129942008E02C8 /* Frameworks */ = {
			isa = PBXGroup;
			children = (
				BC667E302D129F82008E02C8 /* MapKit.framework */,
				BC667E2E2D129F6D008E02C8 /* CoreLocation.framework */,
				BC667E2A2D129943008E02C8 /* CoreMotion.framework */,
			);
			name = Frameworks;
			sourceTree = "<group>";
		};
/* End PBXGroup section */

/* Begin PBXNativeTarget section */
		BC6411EE2D11E3670062DFF6 /* FitTrack */ = {
			isa = PBXNativeTarget;
			buildConfigurationList = BC6411FD2D11E36A0062DFF6 /* Build configuration list for PBXNativeTarget "FitTrack" */;
			buildPhases = (
				BC6411EB2D11E3670062DFF6 /* Sources */,
				BC6411EC2D11E3670062DFF6 /* Frameworks */,
				BC6411ED2D11E3670062DFF6 /* Resources */,
			);
			buildRules = (
			);
			dependencies = (
			);
			name = FitTrack;
			productName = FitTrack;
			productReference = BC6411EF2D11E3670062DFF6 /* FitTrack.app */;
			productType = "com.apple.product-type.application";
		};
/* End PBXNativeTarget section */

/* Begin PBXProject section */
		BC6411E72D11E3670062DFF6 /* Project object */ = {
			isa = PBXProject;
			attributes = {
				BuildIndependentTargetsInParallel = 1;
				LastSwiftUpdateCheck = 1400;
				LastUpgradeCheck = 1400;
				TargetAttributes = {
					BC6411EE2D11E3670062DFF6 = {
						CreatedOnToolsVersion = 14.0.1;
					};
				};
			};
			buildConfigurationList = BC6411EA2D11E3670062DFF6 /* Build configuration list for PBXProject "FitTrack" */;
			compatibilityVersion = "Xcode 14.0";
			developmentRegion = en;
			hasScannedForEncodings = 0;
			knownRegions = (
				en,
				Base,
			);
			mainGroup = BC6411E62D11E3670062DFF6;
			productRefGroup = BC6411F02D11E3670062DFF6 /* Products */;
			projectDirPath = "";
			projectRoot = "";
			targets = (
				BC6411EE2D11E3670062DFF6 /* FitTrack */,
			);
		};
/* End PBXProject section */

/* Begin PBXResourcesBuildPhase section */
		BC6411ED2D11E3670062DFF6 /* Resources */ = {
			isa = PBXResourcesBuildPhase;
			buildActionMask = 2147483647;
			files = (
				BC6411FA2D11E36A0062DFF6 /* Preview Assets.xcassets in Resources */,
				BC6411F72D11E36A0062DFF6 /* Assets.xcassets in Resources */,
			);
			runOnlyForDeploymentPostprocessing = 0;
		};
/* End PBXResourcesBuildPhase section */

/* Begin PBXSourcesBuildPhase section */
		BC6411EB2D11E3670062DFF6 /* Sources */ = {
			isa = PBXSourcesBuildPhase;
			buildActionMask = 2147483647;
			files = (
				BC6412052D11E4AC0062DFF6 /* DirectionView.swift in Sources */,
				BC667E2D2D129971008E02C8 /* MotionManager.swift in Sources */,
				BC667E452D12C02D008E02C8 /* SoundView.swift in Sources */,
				BC6411F52D11E3670062DFF6 /* ContentView.swift in Sources */,
				BC667E372D12A106008E02C8 /* MapViewRepresentable.swift in Sources */,
				BC667E332D129FD2008E02C8 /* LocationManager.swift in Sources */,
				BC667E392D12A333008E02C8 /* DirectionManager.swift in Sources */,
				BC6412032D11E4990062DFF6 /* LocationView.swift in Sources */,
				BC667E412D12BE29008E02C8 /* SplashScreenView.swift in Sources */,
				BC6412012D11E4850062DFF6 /* MotionView.swift in Sources */,
				BC667E432D12C01C008E02C8 /* SoundManager.swift in Sources */,
				BC6411F32D11E3670062DFF6 /* FitTrackApp.swift in Sources */,
			);
			runOnlyForDeploymentPostprocessing = 0;
		};
/* End PBXSourcesBuildPhase section */

/* Begin XCBuildConfiguration section */
		BC6411FB2D11E36A0062DFF6 /* Debug */ = {
			isa = XCBuildConfiguration;
			buildSettings = {
				ALWAYS_SEARCH_USER_PATHS = NO;
				CLANG_ANALYZER_NONNULL = YES;
				CLANG_ANALYZER_NUMBER_OBJECT_CONVERSION = YES_AGGRESSIVE;
				CLANG_CXX_LANGUAGE_STANDARD = "gnu++20";
				CLANG_ENABLE_MODULES = YES;
				CLANG_ENABLE_OBJC_ARC = YES;
				CLANG_ENABLE_OBJC_WEAK = YES;
				CLANG_WARN_BLOCK_CAPTURE_AUTORELEASING = YES;
				CLANG_WARN_BOOL_CONVERSION = YES;
				CLANG_WARN_COMMA = YES;
				CLANG_WARN_CONSTANT_CONVERSION = YES;
				CLANG_WARN_DEPRECATED_OBJC_IMPLEMENTATIONS = YES;
				CLANG_WARN_DIRECT_OBJC_ISA_USAGE = YES_ERROR;
				CLANG_WARN_DOCUMENTATION_COMMENTS = YES;
				CLANG_WARN_EMPTY_BODY = YES;
				CLANG_WARN_ENUM_CONVERSION = YES;
				CLANG_WARN_INFINITE_RECURSION = YES;
				CLANG_WARN_INT_CONVERSION = YES;
				CLANG_WARN_NON_LITERAL_NULL_CONVERSION = YES;
				CLANG_WARN_OBJC_IMPLICIT_RETAIN_SELF = YES;
				CLANG_WARN_OBJC_LITERAL_CONVERSION = YES;
				CLANG_WARN_OBJC_ROOT_CLASS = YES_ERROR;
				CLANG_WARN_QUOTED_INCLUDE_IN_FRAMEWORK_HEADER = YES;
				CLANG_WARN_RANGE_LOOP_ANALYSIS = YES;
				CLANG_WARN_STRICT_PROTOTYPES = YES;
				CLANG_WARN_SUSPICIOUS_MOVE = YES;
				CLANG_WARN_UNGUARDED_AVAILABILITY = YES_AGGRESSIVE;
				CLANG_WARN_UNREACHABLE_CODE = YES;
				CLANG_WARN__DUPLICATE_METHOD_MATCH = YES;
				COPY_PHASE_STRIP = NO;
				DEBUG_INFORMATION_FORMAT = dwarf;
				ENABLE_STRICT_OBJC_MSGSEND = YES;
				ENABLE_TESTABILITY = YES;
				GCC_C_LANGUAGE_STANDARD = gnu11;
				GCC_DYNAMIC_NO_PIC = NO;
				GCC_NO_COMMON_BLOCKS = YES;
				GCC_OPTIMIZATION_LEVEL = 0;
				GCC_PREPROCESSOR_DEFINITIONS = (
					"DEBUG=1",
					"$(inherited)",
				);
				GCC_WARN_64_TO_32_BIT_CONVERSION = YES;
				GCC_WARN_ABOUT_RETURN_TYPE = YES_ERROR;
				GCC_WARN_UNDECLARED_SELECTOR = YES;
				GCC_WARN_UNINITIALIZED_AUTOS = YES_AGGRESSIVE;
				GCC_WARN_UNUSED_FUNCTION = YES;
				GCC_WARN_UNUSED_VARIABLE = YES;
				IPHONEOS_DEPLOYMENT_TARGET = 16.0;
				MTL_ENABLE_DEBUG_INFO = INCLUDE_SOURCE;
				MTL_FAST_MATH = YES;
				ONLY_ACTIVE_ARCH = YES;
				SDKROOT = iphoneos;
				SWIFT_ACTIVE_COMPILATION_CONDITIONS = DEBUG;
				SWIFT_OPTIMIZATION_LEVEL = "-Onone";
			};
			name = Debug;
		};
		BC6411FC2D11E36A0062DFF6 /* Release */ = {
			isa = XCBuildConfiguration;
			buildSettings = {
				ALWAYS_SEARCH_USER_PATHS = NO;
				CLANG_ANALYZER_NONNULL = YES;
				CLANG_ANALYZER_NUMBER_OBJECT_CONVERSION = YES_AGGRESSIVE;
				CLANG_CXX_LANGUAGE_STANDARD = "gnu++20";
				CLANG_ENABLE_MODULES = YES;
				CLANG_ENABLE_OBJC_ARC = YES;
				CLANG_ENABLE_OBJC_WEAK = YES;
				CLANG_WARN_BLOCK_CAPTURE_AUTORELEASING = YES;
				CLANG_WARN_BOOL_CONVERSION = YES;
				CLANG_WARN_COMMA = YES;
				CLANG_WARN_CONSTANT_CONVERSION = YES;
				CLANG_WARN_DEPRECATED_OBJC_IMPLEMENTATIONS = YES;
				CLANG_WARN_DIRECT_OBJC_ISA_USAGE = YES_ERROR;
				CLANG_WARN_DOCUMENTATION_COMMENTS = YES;
				CLANG_WARN_EMPTY_BODY = YES;
				CLANG_WARN_ENUM_CONVERSION = YES;
				CLANG_WARN_INFINITE_RECURSION = YES;
				CLANG_WARN_INT_CONVERSION = YES;
				CLANG_WARN_NON_LITERAL_NULL_CONVERSION = YES;
				CLANG_WARN_OBJC_IMPLICIT_RETAIN_SELF = YES;
				CLANG_WARN_OBJC_LITERAL_CONVERSION = YES;
				CLANG_WARN_OBJC_ROOT_CLASS = YES_ERROR;
				CLANG_WARN_QUOTED_INCLUDE_IN_FRAMEWORK_HEADER = YES;
				CLANG_WARN_RANGE_LOOP_ANALYSIS = YES;
				CLANG_WARN_STRICT_PROTOTYPES = YES;
				CLANG_WARN_SUSPICIOUS_MOVE = YES;
				CLANG_WARN_UNGUARDED_AVAILABILITY = YES_AGGRESSIVE;
				CLANG_WARN_UNREACHABLE_CODE = YES;
				CLANG_WARN__DUPLICATE_METHOD_MATCH = YES;
				COPY_PHASE_STRIP = NO;
				DEBUG_INFORMATION_FORMAT = "dwarf-with-dsym";
				ENABLE_NS_ASSERTIONS = NO;
				ENABLE_STRICT_OBJC_MSGSEND = YES;
				GCC_C_LANGUAGE_STANDARD = gnu11;
				GCC_NO_COMMON_BLOCKS = YES;
				GCC_WARN_64_TO_32_BIT_CONVERSION = YES;
				GCC_WARN_ABOUT_RETURN_TYPE = YES_ERROR;
				GCC_WARN_UNDECLARED_SELECTOR = YES;
				GCC_WARN_UNINITIALIZED_AUTOS = YES_AGGRESSIVE;
				GCC_WARN_UNUSED_FUNCTION = YES;
				GCC_WARN_UNUSED_VARIABLE = YES;
				IPHONEOS_DEPLOYMENT_TARGET = 16.0;
				MTL_ENABLE_DEBUG_INFO = NO;
				MTL_FAST_MATH = YES;
				SDKROOT = iphoneos;
				SWIFT_COMPILATION_MODE = wholemodule;
				SWIFT_OPTIMIZATION_LEVEL = "-O";
				VALIDATE_PRODUCT = YES;
			};
			name = Release;
		};
		BC6411FE2D11E36A0062DFF6 /* Debug */ = {
			isa = XCBuildConfiguration;
			buildSettings = {
				ASSETCATALOG_COMPILER_APPICON_NAME = AppIcon;
				ASSETCATALOG_COMPILER_GLOBAL_ACCENT_COLOR_NAME = AccentColor;
				CODE_SIGN_STYLE = Automatic;
				CURRENT_PROJECT_VERSION = 1;
				DEVELOPMENT_ASSET_PATHS = "\"FitTrack/Preview Content\"";
				ENABLE_PREVIEWS = YES;
				GENERATE_INFOPLIST_FILE = YES;
				INFOPLIST_KEY_NSCameraUsageDescription = "需要访问摄像头以拍照";
				INFOPLIST_KEY_NSLocationWhenInUseUsageDescription = "需要访问您的位置信息以提供健康追踪功能。";
				INFOPLIST_KEY_NSMicrophoneUsageDescription = "需要访问麦克风以检测声音强度。";
				INFOPLIST_KEY_NSMotionUsageDescription = "需要访问您的运动数据以提供健康追踪功能。\n需要访问您的运动数据以提供健康追踪功能。";
				INFOPLIST_KEY_UIApplicationSceneManifest_Generation = YES;
				INFOPLIST_KEY_UIApplicationSupportsIndirectInputEvents = YES;
				INFOPLIST_KEY_UILaunchScreen_Generation = YES;
				INFOPLIST_KEY_UISupportedInterfaceOrientations_iPad = "UIInterfaceOrientationPortrait UIInterfaceOrientationPortraitUpsideDown UIInterfaceOrientationLandscapeLeft UIInterfaceOrientationLandscapeRight";
				INFOPLIST_KEY_UISupportedInterfaceOrientations_iPhone = "UIInterfaceOrientationPortrait UIInterfaceOrientationLandscapeLeft UIInterfaceOrientationLandscapeRight";
				LD_RUNPATH_SEARCH_PATHS = (
					"$(inherited)",
					"@executable_path/Frameworks",
				);
				MARKETING_VERSION = 1.0;
				PRODUCT_BUNDLE_IDENTIFIER = com.WMH.FitTrack;
				PRODUCT_NAME = "$(TARGET_NAME)";
				SWIFT_EMIT_LOC_STRINGS = YES;
				SWIFT_VERSION = 5.0;
				TARGETED_DEVICE_FAMILY = "1,2";
			};
			name = Debug;
		};
		BC6411FF2D11E36A0062DFF6 /* Release */ = {
			isa = XCBuildConfiguration;
			buildSettings = {
				ASSETCATALOG_COMPILER_APPICON_NAME = AppIcon;
				ASSETCATALOG_COMPILER_GLOBAL_ACCENT_COLOR_NAME = AccentColor;
				CODE_SIGN_STYLE = Automatic;
				CURRENT_PROJECT_VERSION = 1;
				DEVELOPMENT_ASSET_PATHS = "\"FitTrack/Preview Content\"";
				ENABLE_PREVIEWS = YES;
				GENERATE_INFOPLIST_FILE = YES;
				INFOPLIST_KEY_NSCameraUsageDescription = "需要访问摄像头以拍照";
				INFOPLIST_KEY_NSLocationWhenInUseUsageDescription = "需要访问您的位置信息以提供健康追踪功能。";
				INFOPLIST_KEY_NSMicrophoneUsageDescription = "需要访问麦克风以检测声音强度。";
				INFOPLIST_KEY_NSMotionUsageDescription = "需要访问您的运动数据以提供健康追踪功能。\n需要访问您的运动数据以提供健康追踪功能。";
				INFOPLIST_KEY_UIApplicationSceneManifest_Generation = YES;
				INFOPLIST_KEY_UIApplicationSupportsIndirectInputEvents = YES;
				INFOPLIST_KEY_UILaunchScreen_Generation = YES;
				INFOPLIST_KEY_UISupportedInterfaceOrientations_iPad = "UIInterfaceOrientationPortrait UIInterfaceOrientationPortraitUpsideDown UIInterfaceOrientationLandscapeLeft UIInterfaceOrientationLandscapeRight";
				INFOPLIST_KEY_UISupportedInterfaceOrientations_iPhone = "UIInterfaceOrientationPortrait UIInterfaceOrientationLandscapeLeft UIInterfaceOrientationLandscapeRight";
				LD_RUNPATH_SEARCH_PATHS = (
					"$(inherited)",
					"@executable_path/Frameworks",
				);
				MARKETING_VERSION = 1.0;
				PRODUCT_BUNDLE_IDENTIFIER = com.WMH.FitTrack;
				PRODUCT_NAME = "$(TARGET_NAME)";
				SWIFT_EMIT_LOC_STRINGS = YES;
				SWIFT_VERSION = 5.0;
				TARGETED_DEVICE_FAMILY = "1,2";
			};
			name = Release;
		};
/* End XCBuildConfiguration section */

/* Begin XCConfigurationList section */
		BC6411EA2D11E3670062DFF6 /* Build configuration list for PBXProject "FitTrack" */ = {
			isa = XCConfigurationList;
			buildConfigurations = (
				BC6411FB2D11E36A0062DFF6 /* Debug */,
				BC6411FC2D11E36A0062DFF6 /* Release */,
			);
			defaultConfigurationIsVisible = 0;
			defaultConfigurationName = Release;
		};
		BC6411FD2D11E36A0062DFF6 /* Build configuration list for PBXNativeTarget "FitTrack" */ = {
			isa = XCConfigurationList;
			buildConfigurations = (
				BC6411FE2D11E36A0062DFF6 /* Debug */,
				BC6411FF2D11E36A0062DFF6 /* Release */,
			);
			defaultConfigurationIsVisible = 0;
			defaultConfigurationName = Release;
		};
/* End XCConfigurationList section */
	};
	rootObject = BC6411E72D11E3670062DFF6 /* Project object */;
}
